
Microsoft Visual Studio Solution File, Format Version 12.00
# Visual Studio 15
VisualStudioVersion = 15.0.28307.1525
MinimumVisualStudioVersion = 10.0.40219.1
Project("{FAE04EC0-301F-11D3-BF4B-00C04F79EFBC}") = "PersonalPortfolioSiteV2.UI.MVC", "PersonalPortfolioSiteV2.UI.MVC\PersonalPortfolioSiteV2.UI.MVC.csproj", "{18D3404F-1FCD-4645-A067-437341CA0AEF}"
EndProject
Project("{2150E333-8FDC-42A3-9474-1A3956D46DE8}") = "Solution Items", "Solution Items", "{0CAB98B2-768B-4B1A-810B-E900020AD485}"
	ProjectSection(SolutionItems) = preProject
		.gitignore = .gitignore
	EndProjectSection
EndProject
Global
	GlobalSection(SolutionConfigurationPlatforms) = preSolution
		Debug|Any CPU = Debug|Any CPU
		Release|Any CPU = Release|Any CPU
	EndGlobalSection
	GlobalSection(ProjectConfigurationPlatforms) = postSolution
		{18D3404F-1FCD-4645-A067-437341CA0AEF}.Debug|Any CPU.ActiveCfg = Debug|Any CPU
		{18D3404F-1FCD-4645-A067-437341CA0AEF}.Debug|Any CPU.Build.0 = Debug|Any CPU
		{18D3404F-1FCD-4645-A067-437341CA0AEF}.Release|Any CPU.ActiveCfg = Release|Any CPU
		{18D3404F-1FCD-4645-A067-437341CA0AEF}.Release|Any CPU.Build.0 = Release|Any CPU
	EndGlobalSection
	GlobalSection(SolutionProperties) = preSolution
		HideSolutionNode = FALSE
	EndGlobalSection
	GlobalSection(ExtensibilityGlobals) = postSolution
		SolutionGuid = {FCB5C151-D17A-4097-B858-1329E5EBC565}
	EndGlobalSection
EndGlobal
